
Microsoft Visual Studio Solution File, Format Version 12.00
# Visual Studio Version 17
VisualStudioVersion = 17.1.32328.378
MinimumVisualStudioVersion = 10.0.40219.1
Project("{FAE04EC0-301F-11D3-BF4B-00C04F79EFBC}") = "Practice", "Practice\Practice.csproj", "{3D00B03C-9FE1-4D53-B51E-023F70857AE4}"
EndProject
Global
	GlobalSection(SolutionConfigurationPlatforms) = preSolution
		Debug|Any CPU = Debug|Any CPU
		Release|Any CPU = Release|Any CPU
	EndGlobalSection
	GlobalSection(ProjectConfigurationPlatforms) = postSolution
		{3D00B03C-9FE1-4D53-B51E-023F70857AE4}.Debug|Any CPU.ActiveCfg = Debug|Any CPU
		{3D00B03C-9FE1-4D53-B51E-023F70857AE4}.Debug|Any CPU.Build.0 = Debug|Any CPU
		{3D00B03C-9FE1-4D53-B51E-023F70857AE4}.Release|Any CPU.ActiveCfg = Release|Any CPU
		{3D00B03C-9FE1-4D53-B51E-023F70857AE4}.Release|Any CPU.Build.0 = Release|Any CPU
	EndGlobalSection
	GlobalSection(SolutionProperties) = preSolution
		HideSolutionNode = FALSE
	EndGlobalSection
	GlobalSection(ExtensibilityGlobals) = postSolution
		SolutionGuid = {1408572C-FBB9-427A-BF8B-CFD7F19CD076}
	EndGlobalSection
EndGlobal
